Microsoft Visual Studio Solution File, Format Version 12.00
# Visual Studio Version 17
VisualStudioVersion = 17.5.2.0
MinimumVisualStudioVersion = 10.0.40219.1
Project("{FAE04EC0-301F-11D3-BF4B-00C04F79EFBC}") = "CvApi2", "CvApi2.csproj", "{0C649756-3E66-5706-A9EA-6FB3FD400E34}"
EndProject
Global
	GlobalSection(SolutionConfigurationPlatforms) = preSolution
		Debug|Any CPU = Debug|Any CPU
		Release|Any CPU = Release|Any CPU
	EndGlobalSection
	GlobalSection(ProjectConfigurationPlatforms) = postSolution
		{0C649756-3E66-5706-A9EA-6FB3FD400E34}.Debug|Any CPU.ActiveCfg = Debug|Any CPU
		{0C649756-3E66-5706-A9EA-6FB3FD400E34}.Debug|Any CPU.Build.0 = Debug|Any CPU
		{0C649756-3E66-5706-A9EA-6FB3FD400E34}.Release|Any CPU.ActiveCfg = Release|Any CPU
		{0C649756-3E66-5706-A9EA-6FB3FD400E34}.Release|Any CPU.Build.0 = Release|Any CPU
	EndGlobalSection
	GlobalSection(SolutionProperties) = preSolution
		HideSolutionNode = FALSE
	EndGlobalSection
	GlobalSection(ExtensibilityGlobals) = postSolution
		SolutionGuid = {D49216F7-F8DE-4BD7-ACC3-20D3F8133C6C}
	EndGlobalSection
EndGlobal
